{
  "meteor": {},
  "dependencies": {
    "basePackages": {
      "collection-api": {},
      "pagemaster": {},
      "iron-router": {},
      "marked": {},
      "momentjs": {},
      "npm": {},
      "jqueryui": {}
    },
    "packages": {
      "collection-api": {
        "git": "https://github.com/crazytoad/meteor-collectionapi.git",
        "tag": "v0.1.15",
        "commit": "b62c51f387287726cf3b64077f7bc69604ec2f5e"
      },
      "pagemaster": {
        "git": "http://github.com/sterlingwes/meteor-pagemaster",
        "tag": "v0.5.7",
        "commit": "5e0b18dba69e4818f6c72e7cb6542c8bb41b7f99"
      },
      "iron-router": {
        "git": "https://github.com/EventedMind/iron-router.git",
        "tag": "v0.6.1",
        "commit": "4e1ee0581d68bff422a915dacb0bd30eae10fe08"
      },
      "marked": {
        "git": "https://github.com/chuangbo/meteor-marked.git",
        "tag": "v0.2.9",
        "commit": "6485d6f03841501f81176e34ab375840473aa714"
      },
      "momentjs": {
        "git": "https://github.com/crapthings/meteor-momentjs.git",
        "tag": "v2.1.0.2",
        "commit": "59a762e297082eea8b8cae00374c2b7ac6f89529"
      },
      "npm": {
        "git": "https://github.com/arunoda/meteor-npm.git",
        "tag": "v0.2.6",
        "commit": "177ab6118de5bf8cffb19481343d5762ff7a2aaf"
      },
      "jqueryui": {
        "git": "https://github.com/mizzao/meteor-jqueryui.git",
        "tag": "v1.10.3r2",
        "commit": "d54f75cfad37ff8ce6ef9ad49de55738ba921af7"
      },
      "build-fetcher": {
        "git": "https://github.com/mizzao/meteor-build-fetcher.git",
        "tag": "v0.1.0",
        "commit": "e3813b1fc7f5c576e8e1fa4c51ae6f4687780a35"
      }
    }
  }
}
